
Microsoft Visual Studio Solution File, Format Version 12.00
# Visual Studio Version 16
VisualStudioVersion = 16.0.31025.194
MinimumVisualStudioVersion = 10.0.40219.1
Project("{FAE04EC0-301F-11D3-BF4B-00C04F79EFBC}") = "Swh_2104012", "Swh_2104012\Swh_2104012.csproj", "{35589D89-B281-4CB1-A9BC-6AAF6BD2021A}"
EndProject
Project("{FAE04EC0-301F-11D3-BF4B-00C04F79EFBC}") = "Swh_ldj_210412", "Swh_ldj_210412\Swh_ldj_210412.csproj", "{F5C63708-C606-496A-BD45-F3AA151EB9E3}"
EndProject
Global
	GlobalSection(SolutionConfigurationPlatforms) = preSolution
		Debug|Any CPU = Debug|Any CPU
		Release|Any CPU = Release|Any CPU
	EndGlobalSection
	GlobalSection(ProjectConfigurationPlatforms) = postSolution
		{35589D89-B281-4CB1-A9BC-6AAF6BD2021A}.Debug|Any CPU.ActiveCfg = Debug|Any CPU
		{35589D89-B281-4CB1-A9BC-6AAF6BD2021A}.Debug|Any CPU.Build.0 = Debug|Any CPU
		{35589D89-B281-4CB1-A9BC-6AAF6BD2021A}.Release|Any CPU.ActiveCfg = Release|Any CPU
		{35589D89-B281-4CB1-A9BC-6AAF6BD2021A}.Release|Any CPU.Build.0 = Release|Any CPU
		{F5C63708-C606-496A-BD45-F3AA151EB9E3}.Debug|Any CPU.ActiveCfg = Debug|Any CPU
		{F5C63708-C606-496A-BD45-F3AA151EB9E3}.Debug|Any CPU.Build.0 = Debug|Any CPU
		{F5C63708-C606-496A-BD45-F3AA151EB9E3}.Release|Any CPU.ActiveCfg = Release|Any CPU
		{F5C63708-C606-496A-BD45-F3AA151EB9E3}.Release|Any CPU.Build.0 = Release|Any CPU
	EndGlobalSection
	GlobalSection(SolutionProperties) = preSolution
		HideSolutionNode = FALSE
	EndGlobalSection
	GlobalSection(ExtensibilityGlobals) = postSolution
		SolutionGuid = {FA5AE5EB-3F21-4B11-84C6-C2F7BA24F3DA}
	EndGlobalSection
EndGlobal
