
Microsoft Visual Studio Solution File, Format Version 12.00
# Visual Studio Version 16
VisualStudioVersion = 16.0.31025.194
MinimumVisualStudioVersion = 10.0.40219.1
Project("{FAE04EC0-301F-11D3-BF4B-00C04F79EFBC}") = "210408_00", "210408_00\210408_00.csproj", "{DD258EC2-24B5-4A38-8E7E-2C5A9CEE1704}"
EndProject
Global
	GlobalSection(SolutionConfigurationPlatforms) = preSolution
		Debug|Any CPU = Debug|Any CPU
		Release|Any CPU = Release|Any CPU
	EndGlobalSection
	GlobalSection(ProjectConfigurationPlatforms) = postSolution
		{DD258EC2-24B5-4A38-8E7E-2C5A9CEE1704}.Debug|Any CPU.ActiveCfg = Debug|Any CPU
		{DD258EC2-24B5-4A38-8E7E-2C5A9CEE1704}.Debug|Any CPU.Build.0 = Debug|Any CPU
		{DD258EC2-24B5-4A38-8E7E-2C5A9CEE1704}.Release|Any CPU.ActiveCfg = Release|Any CPU
		{DD258EC2-24B5-4A38-8E7E-2C5A9CEE1704}.Release|Any CPU.Build.0 = Release|Any CPU
	EndGlobalSection
	GlobalSection(SolutionProperties) = preSolution
		HideSolutionNode = FALSE
	EndGlobalSection
	GlobalSection(ExtensibilityGlobals) = postSolution
		SolutionGuid = {F1B3A2A8-7D29-497D-8123-DF1EC03EF1A4}
	EndGlobalSection
EndGlobal
