
Microsoft Visual Studio Solution File, Format Version 12.00
# Visual Studio Version 16
VisualStudioVersion = 16.0.31025.194
MinimumVisualStudioVersion = 10.0.40219.1
Project("{FAE04EC0-301F-11D3-BF4B-00C04F79EFBC}") = "Seal", "Seal\Seal.csproj", "{194B4B21-3DE7-418D-96D1-538883F4765C}"
EndProject
Global
	GlobalSection(SolutionConfigurationPlatforms) = preSolution
		Debug|Any CPU = Debug|Any CPU
		Release|Any CPU = Release|Any CPU
	EndGlobalSection
	GlobalSection(ProjectConfigurationPlatforms) = postSolution
		{194B4B21-3DE7-418D-96D1-538883F4765C}.Debug|Any CPU.ActiveCfg = Debug|Any CPU
		{194B4B21-3DE7-418D-96D1-538883F4765C}.Debug|Any CPU.Build.0 = Debug|Any CPU
		{194B4B21-3DE7-418D-96D1-538883F4765C}.Release|Any CPU.ActiveCfg = Release|Any CPU
		{194B4B21-3DE7-418D-96D1-538883F4765C}.Release|Any CPU.Build.0 = Release|Any CPU
	EndGlobalSection
	GlobalSection(SolutionProperties) = preSolution
		HideSolutionNode = FALSE
	EndGlobalSection
	GlobalSection(ExtensibilityGlobals) = postSolution
		SolutionGuid = {77C69174-8B13-4804-901F-25FCED2EF0CD}
	EndGlobalSection
EndGlobal
