
Microsoft Visual Studio Solution File, Format Version 12.00
# Visual Studio Version 16
VisualStudioVersion = 16.0.31025.194
MinimumVisualStudioVersion = 10.0.40219.1
Project("{FAE04EC0-301F-11D3-BF4B-00C04F79EFBC}") = "Managing_Car_Program", "Managing_Car_Program\Managing_Car_Program.csproj", "{F09169CE-97C4-49AF-B96B-53E2881953DB}"
EndProject
Global
	GlobalSection(SolutionConfigurationPlatforms) = preSolution
		Debug|Any CPU = Debug|Any CPU
		Release|Any CPU = Release|Any CPU
	EndGlobalSection
	GlobalSection(ProjectConfigurationPlatforms) = postSolution
		{F09169CE-97C4-49AF-B96B-53E2881953DB}.Debug|Any CPU.ActiveCfg = Debug|Any CPU
		{F09169CE-97C4-49AF-B96B-53E2881953DB}.Debug|Any CPU.Build.0 = Debug|Any CPU
		{F09169CE-97C4-49AF-B96B-53E2881953DB}.Release|Any CPU.ActiveCfg = Release|Any CPU
		{F09169CE-97C4-49AF-B96B-53E2881953DB}.Release|Any CPU.Build.0 = Release|Any CPU
	EndGlobalSection
	GlobalSection(SolutionProperties) = preSolution
		HideSolutionNode = FALSE
	EndGlobalSection
	GlobalSection(ExtensibilityGlobals) = postSolution
		SolutionGuid = {3999D18C-CEC2-4F55-A3E2-1CCB03C1D0E4}
	EndGlobalSection
EndGlobal
